
Microsoft Visual Studio Solution File, Format Version 12.00
# Visual Studio 15
VisualStudioVersion = 15.0.26730.15
MinimumVisualStudioVersion = 10.0.40219.1
Project("{9092AA53-FB77-4645-B42D-1CCCA6BD08BD}") = "design.automation-nodejs-pdf.exporter", "design.automation-nodejs-pdf.exporter\design.automation-nodejs-pdf.exporter.njsproj", "{1B5CFD83-B169-422B-BE0C-EB3C92428032}"
EndProject
Global
	GlobalSection(SolutionConfigurationPlatforms) = preSolution
		Debug|Any CPU = Debug|Any CPU
		Release|Any CPU = Release|Any CPU
	EndGlobalSection
	GlobalSection(ProjectConfigurationPlatforms) = postSolution
		{1B5CFD83-B169-422B-BE0C-EB3C92428032}.Debug|Any CPU.ActiveCfg = Debug|Any CPU
		{1B5CFD83-B169-422B-BE0C-EB3C92428032}.Debug|Any CPU.Build.0 = Debug|Any CPU
		{1B5CFD83-B169-422B-BE0C-EB3C92428032}.Release|Any CPU.ActiveCfg = Release|Any CPU
		{1B5CFD83-B169-422B-BE0C-EB3C92428032}.Release|Any CPU.Build.0 = Release|Any CPU
	EndGlobalSection
	GlobalSection(SolutionProperties) = preSolution
		HideSolutionNode = FALSE
	EndGlobalSection
	GlobalSection(ExtensibilityGlobals) = postSolution
		SolutionGuid = {8BB793F3-CF5E-489D-878E-5DCF740A8CDF}
	EndGlobalSection
EndGlobal
